
Microsoft Visual Studio Solution File, Format Version 12.00
# Visual Studio 15
VisualStudioVersion = 15.0.27004.2008
MinimumVisualStudioVersion = 10.0.40219.1
Project("{FAE04EC0-301F-11D3-BF4B-00C04F79EFBC}") = "PCA", "PCA\PCA.csproj", "{E8B6696A-AB9A-412C-94E7-395000B965E4}"
EndProject
Project("{FAE04EC0-301F-11D3-BF4B-00C04F79EFBC}") = "DomainModel", "DomainModel\DomainModel.csproj", "{8AC5AC0C-7F1B-48BC-BD16-CC7E469E2D43}"
EndProject
Project("{FAE04EC0-301F-11D3-BF4B-00C04F79EFBC}") = "Services", "Services\Services.csproj", "{CEA8B9F1-FC88-465F-86D1-6B13AE2557AF}"
EndProject
Project("{FAE04EC0-301F-11D3-BF4B-00C04F79EFBC}") = "CfChecker.Impl.UnitTests", "Services.UnitTests\CfChecker.Impl.UnitTests.csproj", "{E664EF26-D56F-4138-ADE4-8DF41072EBED}"
EndProject
Project("{FAE04EC0-301F-11D3-BF4B-00C04F79EFBC}") = "CfChecker.Impl", "CfChecker.Implementation\CfChecker.Impl.csproj", "{A0E4C61D-4748-47C9-B184-28DEFEB0E9C4}"
EndProject
Global
	GlobalSection(SolutionConfigurationPlatforms) = preSolution
		Debug|Any CPU = Debug|Any CPU
		Release|Any CPU = Release|Any CPU
	EndGlobalSection
	GlobalSection(ProjectConfigurationPlatforms) = postSolution
		{E8B6696A-AB9A-412C-94E7-395000B965E4}.Debug|Any CPU.ActiveCfg = Debug|Any CPU
		{E8B6696A-AB9A-412C-94E7-395000B965E4}.Debug|Any CPU.Build.0 = Debug|Any CPU
		{E8B6696A-AB9A-412C-94E7-395000B965E4}.Release|Any CPU.ActiveCfg = Release|Any CPU
		{E8B6696A-AB9A-412C-94E7-395000B965E4}.Release|Any CPU.Build.0 = Release|Any CPU
		{8AC5AC0C-7F1B-48BC-BD16-CC7E469E2D43}.Debug|Any CPU.ActiveCfg = Debug|Any CPU
		{8AC5AC0C-7F1B-48BC-BD16-CC7E469E2D43}.Debug|Any CPU.Build.0 = Debug|Any CPU
		{8AC5AC0C-7F1B-48BC-BD16-CC7E469E2D43}.Release|Any CPU.ActiveCfg = Release|Any CPU
		{8AC5AC0C-7F1B-48BC-BD16-CC7E469E2D43}.Release|Any CPU.Build.0 = Release|Any CPU
		{CEA8B9F1-FC88-465F-86D1-6B13AE2557AF}.Debug|Any CPU.ActiveCfg = Debug|Any CPU
		{CEA8B9F1-FC88-465F-86D1-6B13AE2557AF}.Debug|Any CPU.Build.0 = Debug|Any CPU
		{CEA8B9F1-FC88-465F-86D1-6B13AE2557AF}.Release|Any CPU.ActiveCfg = Release|Any CPU
		{CEA8B9F1-FC88-465F-86D1-6B13AE2557AF}.Release|Any CPU.Build.0 = Release|Any CPU
		{E664EF26-D56F-4138-ADE4-8DF41072EBED}.Debug|Any CPU.ActiveCfg = Debug|Any CPU
		{E664EF26-D56F-4138-ADE4-8DF41072EBED}.Debug|Any CPU.Build.0 = Debug|Any CPU
		{E664EF26-D56F-4138-ADE4-8DF41072EBED}.Release|Any CPU.ActiveCfg = Release|Any CPU
		{E664EF26-D56F-4138-ADE4-8DF41072EBED}.Release|Any CPU.Build.0 = Release|Any CPU
		{A0E4C61D-4748-47C9-B184-28DEFEB0E9C4}.Debug|Any CPU.ActiveCfg = Debug|Any CPU
		{A0E4C61D-4748-47C9-B184-28DEFEB0E9C4}.Debug|Any CPU.Build.0 = Debug|Any CPU
		{A0E4C61D-4748-47C9-B184-28DEFEB0E9C4}.Release|Any CPU.ActiveCfg = Release|Any CPU
		{A0E4C61D-4748-47C9-B184-28DEFEB0E9C4}.Release|Any CPU.Build.0 = Release|Any CPU
	EndGlobalSection
	GlobalSection(SolutionProperties) = preSolution
		HideSolutionNode = FALSE
	EndGlobalSection
	GlobalSection(ExtensibilityGlobals) = postSolution
		SolutionGuid = {2F814A8C-B1DF-47C3-B556-6BEF620B91E7}
	EndGlobalSection
EndGlobal
